
Microsoft Visual Studio Solution File, Format Version 12.00
# Visual Studio Version 17
VisualStudioVersion = 17.4.33205.214
MinimumVisualStudioVersion = 10.0.40219.1
Project("{FAE04EC0-301F-11D3-BF4B-00C04F79EFBC}") = "TemperatureMethod", "TemperatureMethod\TemperatureMethod.csproj", "{C6EBD629-D63C-4FA3-8A92-590F46E888CE}"
EndProject
Global
	GlobalSection(SolutionConfigurationPlatforms) = preSolution
		Debug|Any CPU = Debug|Any CPU
		Release|Any CPU = Release|Any CPU
	EndGlobalSection
	GlobalSection(ProjectConfigurationPlatforms) = postSolution
		{C6EBD629-D63C-4FA3-8A92-590F46E888CE}.Debug|Any CPU.ActiveCfg = Debug|Any CPU
		{C6EBD629-D63C-4FA3-8A92-590F46E888CE}.Debug|Any CPU.Build.0 = Debug|Any CPU
		{C6EBD629-D63C-4FA3-8A92-590F46E888CE}.Release|Any CPU.ActiveCfg = Release|Any CPU
		{C6EBD629-D63C-4FA3-8A92-590F46E888CE}.Release|Any CPU.Build.0 = Release|Any CPU
	EndGlobalSection
	GlobalSection(SolutionProperties) = preSolution
		HideSolutionNode = FALSE
	EndGlobalSection
	GlobalSection(ExtensibilityGlobals) = postSolution
		SolutionGuid = {09D7E72B-2C9E-4895-97B3-FE96E31AB4B9}
	EndGlobalSection
EndGlobal
